
Microsoft Visual Studio Solution File, Format Version 12.00
# Visual Studio Version 17
VisualStudioVersion = 17.9.34723.18
MinimumVisualStudioVersion = 10.0.40219.1
Project("{9A19103F-16F7-4668-BE54-9A1E7A4F7556}") = "LingYan.DDDModule", "LingYan.DDDModule\LingYan.DDDModule.csproj", "{D08B6AB8-A9FE-465D-A758-048EC9B422B1}"
EndProject
Project("{9A19103F-16F7-4668-BE54-9A1E7A4F7556}") = "LingYan.DynamicWebApi", "LingYan.DynamicWebApi\LingYan.DynamicWebApi.csproj", "{CC18B389-F7C1-4123-BD6E-145A9FFF3583}"
EndProject
Project("{9A19103F-16F7-4668-BE54-9A1E7A4F7556}") = "LingYan.Extension", "LingYan.Extension\LingYan.Extension.csproj", "{7313DCF9-0221-4249-B4A1-E599F7FA9656}"
EndProject
Project("{9A19103F-16F7-4668-BE54-9A1E7A4F7556}") = "LingYan.Model", "LingYan.Model\LingYan.Model.csproj", "{999A5EC7-1C0C-4F62-BC03-B3EA47CF0AE0}"
EndProject
Project("{9A19103F-16F7-4668-BE54-9A1E7A4F7556}") = "LingYan.MultiTenant", "LingYan.MultiTenant\LingYan.MultiTenant.csproj", "{C8D09D02-DFF5-461E-85E0-23ECFDD561A6}"
EndProject
Project("{9A19103F-16F7-4668-BE54-9A1E7A4F7556}") = "LingYan.UnitOfWork", "LingYan.UnitOfWork\LingYan.UnitOfWork.csproj", "{56745D92-8198-4DB9-BD0F-2E7E98C3CD5C}"
EndProject
Project("{9A19103F-16F7-4668-BE54-9A1E7A4F7556}") = "LingYan.IdentityServer", "LingYan.IdentityServer\LingYan.IdentityServer.csproj", "{98A75CD2-023D-4C8F-BABC-00E1C80F29A0}"
EndProject
Project("{9A19103F-16F7-4668-BE54-9A1E7A4F7556}") = "LingYan.DynamicShardingDBT", "LingYan.SaaSMultiTenantDbSharding\LingYan.DynamicShardingDBT.csproj", "{5ACD76E6-31F0-4412-BA0A-C01CA010476B}"
EndProject
Project("{2150E333-8FDC-42A3-9474-1A3956D46DE8}") = "Test", "Test", "{98F65771-226D-4CC8-B496-0A06D8497C38}"
EndProject
Project("{9A19103F-16F7-4668-BE54-9A1E7A4F7556}") = "LingYan.TestApi", "LingYan.TestApi\LingYan.TestApi.csproj", "{26308EC6-6BA8-4A09-8285-02BED5BA9289}"
EndProject
Global
	GlobalSection(SolutionConfigurationPlatforms) = preSolution
		Debug|Any CPU = Debug|Any CPU
		Release|Any CPU = Release|Any CPU
	EndGlobalSection
	GlobalSection(ProjectConfigurationPlatforms) = postSolution
		{D08B6AB8-A9FE-465D-A758-048EC9B422B1}.Debug|Any CPU.ActiveCfg = Debug|Any CPU
		{D08B6AB8-A9FE-465D-A758-048EC9B422B1}.Debug|Any CPU.Build.0 = Debug|Any CPU
		{D08B6AB8-A9FE-465D-A758-048EC9B422B1}.Release|Any CPU.ActiveCfg = Release|Any CPU
		{D08B6AB8-A9FE-465D-A758-048EC9B422B1}.Release|Any CPU.Build.0 = Release|Any CPU
		{CC18B389-F7C1-4123-BD6E-145A9FFF3583}.Debug|Any CPU.ActiveCfg = Debug|Any CPU
		{CC18B389-F7C1-4123-BD6E-145A9FFF3583}.Debug|Any CPU.Build.0 = Debug|Any CPU
		{CC18B389-F7C1-4123-BD6E-145A9FFF3583}.Release|Any CPU.ActiveCfg = Release|Any CPU
		{CC18B389-F7C1-4123-BD6E-145A9FFF3583}.Release|Any CPU.Build.0 = Release|Any CPU
		{7313DCF9-0221-4249-B4A1-E599F7FA9656}.Debug|Any CPU.ActiveCfg = Debug|Any CPU
		{7313DCF9-0221-4249-B4A1-E599F7FA9656}.Debug|Any CPU.Build.0 = Debug|Any CPU
		{7313DCF9-0221-4249-B4A1-E599F7FA9656}.Release|Any CPU.ActiveCfg = Release|Any CPU
		{7313DCF9-0221-4249-B4A1-E599F7FA9656}.Release|Any CPU.Build.0 = Release|Any CPU
		{999A5EC7-1C0C-4F62-BC03-B3EA47CF0AE0}.Debug|Any CPU.ActiveCfg = Debug|Any CPU
		{999A5EC7-1C0C-4F62-BC03-B3EA47CF0AE0}.Debug|Any CPU.Build.0 = Debug|Any CPU
		{999A5EC7-1C0C-4F62-BC03-B3EA47CF0AE0}.Release|Any CPU.ActiveCfg = Release|Any CPU
		{999A5EC7-1C0C-4F62-BC03-B3EA47CF0AE0}.Release|Any CPU.Build.0 = Release|Any CPU
		{C8D09D02-DFF5-461E-85E0-23ECFDD561A6}.Debug|Any CPU.ActiveCfg = Debug|Any CPU
		{C8D09D02-DFF5-461E-85E0-23ECFDD561A6}.Debug|Any CPU.Build.0 = Debug|Any CPU
		{C8D09D02-DFF5-461E-85E0-23ECFDD561A6}.Release|Any CPU.ActiveCfg = Release|Any CPU
		{C8D09D02-DFF5-461E-85E0-23ECFDD561A6}.Release|Any CPU.Build.0 = Release|Any CPU
		{56745D92-8198-4DB9-BD0F-2E7E98C3CD5C}.Debug|Any CPU.ActiveCfg = Debug|Any CPU
		{56745D92-8198-4DB9-BD0F-2E7E98C3CD5C}.Debug|Any CPU.Build.0 = Debug|Any CPU
		{56745D92-8198-4DB9-BD0F-2E7E98C3CD5C}.Release|Any CPU.ActiveCfg = Release|Any CPU
		{56745D92-8198-4DB9-BD0F-2E7E98C3CD5C}.Release|Any CPU.Build.0 = Release|Any CPU
		{98A75CD2-023D-4C8F-BABC-00E1C80F29A0}.Debug|Any CPU.ActiveCfg = Debug|Any CPU
		{98A75CD2-023D-4C8F-BABC-00E1C80F29A0}.Debug|Any CPU.Build.0 = Debug|Any CPU
		{98A75CD2-023D-4C8F-BABC-00E1C80F29A0}.Release|Any CPU.ActiveCfg = Release|Any CPU
		{98A75CD2-023D-4C8F-BABC-00E1C80F29A0}.Release|Any CPU.Build.0 = Release|Any CPU
		{5ACD76E6-31F0-4412-BA0A-C01CA010476B}.Debug|Any CPU.ActiveCfg = Debug|Any CPU
		{5ACD76E6-31F0-4412-BA0A-C01CA010476B}.Debug|Any CPU.Build.0 = Debug|Any CPU
		{5ACD76E6-31F0-4412-BA0A-C01CA010476B}.Release|Any CPU.ActiveCfg = Release|Any CPU
		{5ACD76E6-31F0-4412-BA0A-C01CA010476B}.Release|Any CPU.Build.0 = Release|Any CPU
		{26308EC6-6BA8-4A09-8285-02BED5BA9289}.Debug|Any CPU.ActiveCfg = Debug|Any CPU
		{26308EC6-6BA8-4A09-8285-02BED5BA9289}.Debug|Any CPU.Build.0 = Debug|Any CPU
		{26308EC6-6BA8-4A09-8285-02BED5BA9289}.Release|Any CPU.ActiveCfg = Release|Any CPU
		{26308EC6-6BA8-4A09-8285-02BED5BA9289}.Release|Any CPU.Build.0 = Release|Any CPU
	EndGlobalSection
	GlobalSection(SolutionProperties) = preSolution
		HideSolutionNode = FALSE
	EndGlobalSection
	GlobalSection(NestedProjects) = preSolution
		{26308EC6-6BA8-4A09-8285-02BED5BA9289} = {98F65771-226D-4CC8-B496-0A06D8497C38}
	EndGlobalSection
	GlobalSection(ExtensibilityGlobals) = postSolution
		SolutionGuid = {06FC50A5-3BBF-4BF5-85FC-7784CF47564E}
	EndGlobalSection
EndGlobal
